
Microsoft Visual Studio Solution File, Format Version 11.00
# Visual Studio 2010
Project("{FAE04EC0-301F-11D3-BF4B-00C04F79EFBC}") = "fly", "fly\fly.csproj", "{8C047FC1-ED81-43F7-B2DE-6E2D84229F27}"
EndProject
Project("{FAE04EC0-301F-11D3-BF4B-00C04F79EFBC}") = "libfly", "libfly\libfly.csproj", "{976DFCDC-8E11-4F8B-AE1F-00B9DAF94A96}"
EndProject
Global
	GlobalSection(SolutionConfigurationPlatforms) = preSolution
		Debug|Any CPU = Debug|Any CPU
		Release|Any CPU = Release|Any CPU
	EndGlobalSection
	GlobalSection(ProjectConfigurationPlatforms) = postSolution
		{8C047FC1-ED81-43F7-B2DE-6E2D84229F27}.Debug|Any CPU.ActiveCfg = Debug|Any CPU
		{8C047FC1-ED81-43F7-B2DE-6E2D84229F27}.Debug|Any CPU.Build.0 = Debug|Any CPU
		{8C047FC1-ED81-43F7-B2DE-6E2D84229F27}.Release|Any CPU.ActiveCfg = Release|Any CPU
		{8C047FC1-ED81-43F7-B2DE-6E2D84229F27}.Release|Any CPU.Build.0 = Release|Any CPU
		{976DFCDC-8E11-4F8B-AE1F-00B9DAF94A96}.Debug|Any CPU.ActiveCfg = Debug|Any CPU
		{976DFCDC-8E11-4F8B-AE1F-00B9DAF94A96}.Debug|Any CPU.Build.0 = Debug|Any CPU
		{976DFCDC-8E11-4F8B-AE1F-00B9DAF94A96}.Release|Any CPU.ActiveCfg = Release|Any CPU
		{976DFCDC-8E11-4F8B-AE1F-00B9DAF94A96}.Release|Any CPU.Build.0 = Release|Any CPU
	EndGlobalSection
	GlobalSection(SolutionProperties) = preSolution
		HideSolutionNode = FALSE
	EndGlobalSection
EndGlobal
